// !$*UTF8*$!
{
	archiveVersion = 1;
	classes = {
	};
	objectVersion = 46;
	objects = {

/* Begin PBXBuildFile section */
		9298D11C1D95E7F200D38B7B /* AppDelegate.swift in Sources */ = {isa = PBXBuildFile; fileRef = 9298D11B1D95E7F200D38B7B /* AppDelegate.swift */; };
		9298D11E1D95E7F200D38B7B /* ViewController.swift in Sources */ = {isa = PBXBuildFile; fileRef = 9298D11D1D95E7F200D38B7B /* ViewController.swift */; };
		9298D1211D95E7F200D38B7B /* Main.storyboard in Resources */ = {isa = PBXBuildFile; fileRef = 9298D11F1D95E7F200D38B7B /* Main.storyboard */; };
		9298D1231D95E7F200D38B7B /* Assets.xcassets in Resources */ = {isa = PBXBuildFile; fileRef = 9298D1221D95E7F200D38B7B /* Assets.xcassets */; };
		9298D1261D95E7F200D38B7B /* LaunchScreen.storyboard in Resources */ = {isa = PBXBuildFile; fileRef = 9298D1241D95E7F200D38B7B /* LaunchScreen.storyboard */; };
/* End PBXBuildFile section */

/* Begin PBXFileReference section */
		9298D1181D95E7F200D38B7B /* iTrip.app */ = {isa = PBXFileReference; explicitFileType = wrapper.application; includeInIndex = 0; path = iTrip.app; sourceTree = BUILT_PRODUCTS_DIR; };
		9298D11B1D95E7F200D38B7B /* AppDelegate.swift */ = {isa = PBXFileReference; lastKnownFileType = sourcecode.swift; path = AppDelegate.swift; sourceTree = "<group>"; };
		9298D11D1D95E7F200D38B7B /* ViewController.swift */ = {isa = PBXFileReference; lastKnownFileType = sourcecode.swift; path = ViewController.swift; sourceTree = "<group>"; };
		9298D1201D95E7F200D38B7B /* Base */ = {isa = PBXFileReference; lastKnownFileType = file.storyboard; name = Base; path = Base.lproj/Main.storyboard; sourceTree = "<group>"; };
		9298D1221D95E7F200D38B7B /* Assets.xcassets */ = {isa = PBXFileReference; lastKnownFileType = folder.assetcatalog; path = Assets.xcassets; sourceTree = "<group>"; };
		9298D1251D95E7F200D38B7B /* Base */ = {isa = PBXFileReference; lastKnownFileType = file.storyboard; name = Base; path = Base.lproj/LaunchScreen.storyboard; sourceTree = "<group>"; };
		9298D1271D95E7F200D38B7B /* Info.plist */ = {isa = PBXFileReference; lastKnownFileType = text.plist.xml; path = Info.plist; sourceTree = "<group>"; };
/* End PBXFileReference section */

/* Begin PBXFrameworksBuildPhase section */
		9298D1151D95E7F200D38B7B /* Frameworks */ = {
			isa = PBXFrameworksBuildPhase;
			buildActionMask = 2147483647;
			files = (
			);
			runOnlyForDeploymentPostprocessing = 0;
		};
/* End PBXFrameworksBuildPhase section */

/* Begin PBXGroup section */
		9298D10F1D95E7F200D38B7B = {
			isa = PBXGroup;
			children = (
				9298D11A1D95E7F200D38B7B /* iTrip */,
				9298D1191D95E7F200D38B7B /* Products */,
			);
			sourceTree = "<group>";
		};
		9298D1191D95E7F200D38B7B /* Products */ = {
			isa = PBXGroup;
			children = (
				9298D1181D95E7F200D38B7B /* iTrip.app */,
			);
			name = Products;
			sourceTree = "<group>";
		};
		9298D11A1D95E7F200D38B7B /* iTrip */ = {
			isa = PBXGroup;
			children = (
				9298D11B1D95E7F200D38B7B /* AppDelegate.swift */,
				9298D11D1D95E7F200D38B7B /* ViewController.swift */,
				9298D11F1D95E7F200D38B7B /* Main.storyboard */,
				9298D1221D95E7F200D38B7B /* Assets.xcassets */,
				9298D1241D95E7F200D38B7B /* LaunchScreen.storyboard */,
				9298D1271D95E7F200D38B7B /* Info.plist */,
			);
			path = iTrip;
			sourceTree = "<group>";
		};
/* End PBXGroup section */

/* Begin PBXNativeTarget section */
		9298D1171D95E7F200D38B7B /* iTrip */ = {
			isa = PBXNativeTarget;
			buildConfigurationList = 9298D12A1D95E7F200D38B7B /* Build configuration list for PBXNativeTarget "iTrip" */;
			buildPhases = (
				9298D1141D95E7F200D38B7B /* Sources */,
				9298D1151D95E7F200D38B7B /* Frameworks */,
				9298D1161D95E7F200D38B7B /* Resources */,
			);
			buildRules = (
			);
			dependencies = (
			);
			name = iTrip;
			productName = iTrip;
			productReference = 9298D1181D95E7F200D38B7B /* iTrip.app */;
			productType = "com.apple.product-type.application";
		};
/* End PBXNativeTarget section */

/* Begin PBXProject section */
		9298D1101D95E7F200D38B7B /* Project object */ = {
			isa = PBXProject;
			attributes = {
				LastSwiftUpdateCheck = 0800;
				LastUpgradeCheck = 0800;
				ORGANIZATIONNAME = "Denis Oliveira - Maiko Trindade";
				TargetAttributes = {
					9298D1171D95E7F200D38B7B = {
						CreatedOnToolsVersion = 8.0;
						DevelopmentTeam = 586VNRJHT8;
						ProvisioningStyle = Automatic;
					};
				};
			};
			buildConfigurationList = 9298D1131D95E7F200D38B7B /* Build configuration list for PBXProject "iTrip" */;
			compatibilityVersion = "Xcode 3.2";
			developmentRegion = English;
			hasScannedForEncodings = 0;
			knownRegions = (
				en,
				Base,
			);
			mainGroup = 9298D10F1D95E7F200D38B7B;
			productRefGroup = 9298D1191D95E7F200D38B7B /* Products */;
			projectDirPath = "";
			projectRoot = "";
			targets = (
				9298D1171D95E7F200D38B7B /* iTrip */,
			);
		};
/* End PBXProject section */

/* Begin PBXResourcesBuildPhase section */
		9298D1161D95E7F200D38B7B /* Resources */ = {
			isa = PBXResourcesBuildPhase;
			buildActionMask = 2147483647;
			files = (
				9298D1261D95E7F200D38B7B /* LaunchScreen.storyboard in Resources */,
				9298D1231D95E7F200D38B7B /* Assets.xcassets in Resources */,
				9298D1211D95E7F200D38B7B /* Main.storyboard in Resources */,
			);
			runOnlyForDeploymentPostprocessing = 0;
		};
/* End PBXResourcesBuildPhase section */

/* Begin PBXSourcesBuildPhase section */
		9298D1141D95E7F200D38B7B /* Sources */ = {
			isa = PBXSourcesBuildPhase;
			buildActionMask = 2147483647;
			files = (
				9298D11E1D95E7F200D38B7B /* ViewController.swift in Sources */,
				9298D11C1D95E7F200D38B7B /* AppDelegate.swift in Sources */,
			);
			runOnlyForDeploymentPostprocessing = 0;
		};
/* End PBXSourcesBuildPhase section */

/* Begin PBXVariantGroup section */
		9298D11F1D95E7F200D38B7B /* Main.storyboard */ = {
			isa = PBXVariantGroup;
			children = (
				9298D1201D95E7F200D38B7B /* Base */,
			);
			name = Main.storyboard;
			sourceTree = "<group>";
		};
		9298D1241D95E7F200D38B7B /* LaunchScreen.storyboard */ = {
			isa = PBXVariantGroup;
			children = (
				9298D1251D95E7F200D38B7B /* Base */,
			);
			name = LaunchScreen.storyboard;
			sourceTree = "<group>";
		};
/* End PBXVariantGroup section */

/* Begin XCBuildConfiguration section */
		9298D1281D95E7F200D38B7B /* Debug */ = {
			isa = XCBuildConfiguration;
			buildSettings = {
				ALWAYS_SEARCH_USER_PATHS = NO;
				CLANG_ANALYZER_NONNULL = YES;
				CLANG_CXX_LANGUAGE_STANDARD = "gnu++0x";
				CLANG_CXX_LIBRARY = "libc++";
				CLANG_ENABLE_MODULES = YES;
				CLANG_ENABLE_OBJC_ARC = YES;
				CLANG_WARN_BOOL_CONVERSION = YES;
				CLANG_WARN_CONSTANT_CONVERSION = YES;
				CLANG_WARN_DIRECT_OBJC_ISA_USAGE = YES_ERROR;
				CLANG_WARN_DOCUMENTATION_COMMENTS = YES;
				CLANG_WARN_EMPTY_BODY = YES;
				CLANG_WARN_ENUM_CONVERSION = YES;
				CLANG_WARN_INFINITE_RECURSION = YES;
				CLANG_WARN_INT_CONVERSION = YES;
				CLANG_WARN_OBJC_ROOT_CLASS = YES_ERROR;
				CLANG_WARN_SUSPICIOUS_MOVES = YES;
				CLANG_WARN_UNREACHABLE_CODE = YES;
				CLANG_WARN__DUPLICATE_METHOD_MATCH = YES;
				"CODE_SIGN_IDENTITY[sdk=iphoneos*]" = "iPhone Developer";
				COPY_PHASE_STRIP = NO;
				DEBUG_INFORMATION_FORMAT = dwarf;
				ENABLE_STRICT_OBJC_MSGSEND = YES;
				ENABLE_TESTABILITY = YES;
				GCC_C_LANGUAGE_STANDARD = gnu99;
				GCC_DYNAMIC_NO_PIC = NO;
				GCC_NO_COMMON_BLOCKS = YES;
				GCC_OPTIMIZATION_LEVEL = 0;
				GCC_PREPROCESSOR_DEFINITIONS = (
					"DEBUG=1",
					"$(inherited)",
				);
				GCC_WARN_64_TO_32_BIT_CONVERSION = YES;
				GCC_WARN_ABOUT_RETURN_TYPE = YES_ERROR;
				GCC_WARN_UNDECLARED_SELECTOR = YES;
				GCC_WARN_UNINITIALIZED_AUTOS = YES_AGGRESSIVE;
				GCC_WARN_UNUSED_FUNCTION = YES;
				GCC_WARN_UNUSED_VARIABLE = YES;
				IPHONEOS_DEPLOYMENT_TARGET = 10.0;
				MTL_ENABLE_DEBUG_INFO = YES;
				ONLY_ACTIVE_ARCH = YES;
				SDKROOT = iphoneos;
				SWIFT_ACTIVE_COMPILATION_CONDITIONS = DEBUG;
				SWIFT_OPTIMIZATION_LEVEL = "-Onone";
			};
			name = Debug;
		};
		9298D1291D95E7F200D38B7B /* Release */ = {
			isa = XCBuildConfiguration;
			buildSettings = {
				ALWAYS_SEARCH_USER_PATHS = NO;
				CLANG_ANALYZER_NONNULL = YES;
				CLANG_CXX_LANGUAGE_STANDARD = "gnu++0x";
				CLANG_CXX_LIBRARY = "libc++";
				CLANG_ENABLE_MODULES = YES;
				CLANG_ENABLE_OBJC_ARC = YES;
				CLANG_WARN_BOOL_CONVERSION = YES;
				CLANG_WARN_CONSTANT_CONVERSION = YES;
				CLANG_WARN_DIRECT_OBJC_ISA_USAGE = YES_ERROR;
				CLANG_WARN_DOCUMENTATION_COMMENTS = YES;
				CLANG_WARN_EMPTY_BODY = YES;
				CLANG_WARN_ENUM_CONVERSION = YES;
				CLANG_WARN_INFINITE_RECURSION = YES;
				CLANG_WARN_INT_CONVERSION = YES;
				CLANG_WARN_OBJC_ROOT_CLASS = YES_ERROR;
				CLANG_WARN_SUSPICIOUS_MOVES = YES;
				CLANG_WARN_UNREACHABLE_CODE = YES;
				CLANG_WARN__DUPLICATE_METHOD_MATCH = YES;
				"CODE_SIGN_IDENTITY[sdk=iphoneos*]" = "iPhone Developer";
				COPY_PHASE_STRIP = NO;
				DEBUG_INFORMATION_FORMAT = "dwarf-with-dsym";
				ENABLE_NS_ASSERTIONS = NO;
				ENABLE_STRICT_OBJC_MSGSEND = YES;
				GCC_C_LANGUAGE_STANDARD = gnu99;
				GCC_NO_COMMON_BLOCKS = YES;
				GCC_WARN_64_TO_32_BIT_CONVERSION = YES;
				GCC_WARN_ABOUT_RETURN_TYPE = YES_ERROR;
				GCC_WARN_UNDECLARED_SELECTOR = YES;
				GCC_WARN_UNINITIALIZED_AUTOS = YES_AGGRESSIVE;
				GCC_WARN_UNUSED_FUNCTION = YES;
				GCC_WARN_UNUSED_VARIABLE = YES;
				IPHONEOS_DEPLOYMENT_TARGET = 10.0;
				MTL_ENABLE_DEBUG_INFO = NO;
				SDKROOT = iphoneos;
				SWIFT_OPTIMIZATION_LEVEL = "-Owholemodule";
				VALIDATE_PRODUCT = YES;
			};
			name = Release;
		};
		9298D12B1D95E7F200D38B7B /* Debug */ = {
			isa = XCBuildConfiguration;
			buildSettings = {
				ASSETCATALOG_COMPILER_APPICON_NAME = AppIcon;
				DEVELOPMENT_TEAM = 586VNRJHT8;
				INFOPLIST_FILE = iTrip/Info.plist;
				LD_RUNPATH_SEARCH_PATHS = "$(inherited) @executable_path/Frameworks";
				PRODUCT_BUNDLE_IDENTIFIER = com.denismaiko.iTrip;
				PRODUCT_NAME = "$(TARGET_NAME)";
				SWIFT_VERSION = 3.0;
			};
			name = Debug;
		};
		9298D12C1D95E7F200D38B7B /* Release */ = {
			isa = XCBuildConfiguration;
			buildSettings = {
				ASSETCATALOG_COMPILER_APPICON_NAME = AppIcon;
				DEVELOPMENT_TEAM = 586VNRJHT8;
				INFOPLIST_FILE = iTrip/Info.plist;
				LD_RUNPATH_SEARCH_PATHS = "$(inherited) @executable_path/Frameworks";
				PRODUCT_BUNDLE_IDENTIFIER = com.denismaiko.iTrip;
				PRODUCT_NAME = "$(TARGET_NAME)";
				SWIFT_VERSION = 3.0;
			};
			name = Release;
		};
/* End XCBuildConfiguration section */

/* Begin XCConfigurationList section */
		9298D1131D95E7F200D38B7B /* Build configuration list for PBXProject "iTrip" */ = {
			isa = XCConfigurationList;
			buildConfigurations = (
				9298D1281D95E7F200D38B7B /* Debug */,
				9298D1291D95E7F200D38B7B /* Release */,
			);
			defaultConfigurationIsVisible = 0;
			defaultConfigurationName = Release;
		};
		9298D12A1D95E7F200D38B7B /* Build configuration list for PBXNativeTarget "iTrip" */ = {
			isa = XCConfigurationList;
			buildConfigurations = (
				9298D12B1D95E7F200D38B7B /* Debug */,
				9298D12C1D95E7F200D38B7B /* Release */,
			);
			defaultConfigurationIsVisible = 0;
		};
/* End XCConfigurationList section */
	};
	rootObject = 9298D1101D95E7F200D38B7B /* Project object */;
}
